
Microsoft Visual Studio Solution File, Format Version 12.00
# Visual Studio 2012
Project("{FAE04EC0-301F-11D3-BF4B-00C04F79EFBC}") = "SilverCity", "Surya\SilverCity.csproj", "{9E9EC7A9-FC58-4BA3-B4CB-07E8548FC763}"
EndProject
Global
	GlobalSection(SolutionConfigurationPlatforms) = preSolution
		Debug|Any CPU = Debug|Any CPU
		Release|Any CPU = Release|Any CPU
	EndGlobalSection
	GlobalSection(ProjectConfigurationPlatforms) = postSolution
		{9E9EC7A9-FC58-4BA3-B4CB-07E8548FC763}.Debug|Any CPU.ActiveCfg = Debug|Any CPU
		{9E9EC7A9-FC58-4BA3-B4CB-07E8548FC763}.Debug|Any CPU.Build.0 = Debug|Any CPU
		{9E9EC7A9-FC58-4BA3-B4CB-07E8548FC763}.Release|Any CPU.ActiveCfg = Release|Any CPU
		{9E9EC7A9-FC58-4BA3-B4CB-07E8548FC763}.Release|Any CPU.Build.0 = Release|Any CPU
	EndGlobalSection
	GlobalSection(SolutionProperties) = preSolution
		HideSolutionNode = FALSE
	EndGlobalSection
EndGlobal
